
Microsoft Visual Studio Solution File, Format Version 12.00
# Visual Studio 15
VisualStudioVersion = 15.0.26124.0
MinimumVisualStudioVersion = 15.0.26124.0
Project("{2150E333-8FDC-42A3-9474-1A3956D46DE8}") = "src", "src", "{B39272EB-9543-485C-AA35-053BABE7AC6A}"
EndProject
Project("{FAE04EC0-301F-11D3-BF4B-00C04F79EFBC}") = "PalTracker", "src\PalTracker\PalTracker.csproj", "{667D1356-1DE3-403C-A6D1-0BBD3F79F635}"
EndProject
Project("{2150E333-8FDC-42A3-9474-1A3956D46DE8}") = "test", "test", "{7BCDCF81-8E9D-435D-BCA0-EB500FC892F9}"
EndProject
Project("{FAE04EC0-301F-11D3-BF4B-00C04F79EFBC}") = "PalTrackerTests", "test\PalTrackerTests\PalTrackerTests.csproj", "{B9B5015C-CE5E-4A20-8301-022486C30EE3}"
EndProject
Global
	GlobalSection(SolutionConfigurationPlatforms) = preSolution
		Debug|Any CPU = Debug|Any CPU
		Debug|x64 = Debug|x64
		Debug|x86 = Debug|x86
		Release|Any CPU = Release|Any CPU
		Release|x64 = Release|x64
		Release|x86 = Release|x86
	EndGlobalSection
	GlobalSection(SolutionProperties) = preSolution
		HideSolutionNode = FALSE
	EndGlobalSection
	GlobalSection(ProjectConfigurationPlatforms) = postSolution
		{667D1356-1DE3-403C-A6D1-0BBD3F79F635}.Debug|Any CPU.ActiveCfg = Debug|Any CPU
		{667D1356-1DE3-403C-A6D1-0BBD3F79F635}.Debug|Any CPU.Build.0 = Debug|Any CPU
		{667D1356-1DE3-403C-A6D1-0BBD3F79F635}.Debug|x64.ActiveCfg = Debug|Any CPU
		{667D1356-1DE3-403C-A6D1-0BBD3F79F635}.Debug|x64.Build.0 = Debug|Any CPU
		{667D1356-1DE3-403C-A6D1-0BBD3F79F635}.Debug|x86.ActiveCfg = Debug|Any CPU
		{667D1356-1DE3-403C-A6D1-0BBD3F79F635}.Debug|x86.Build.0 = Debug|Any CPU
		{667D1356-1DE3-403C-A6D1-0BBD3F79F635}.Release|Any CPU.ActiveCfg = Release|Any CPU
		{667D1356-1DE3-403C-A6D1-0BBD3F79F635}.Release|Any CPU.Build.0 = Release|Any CPU
		{667D1356-1DE3-403C-A6D1-0BBD3F79F635}.Release|x64.ActiveCfg = Release|Any CPU
		{667D1356-1DE3-403C-A6D1-0BBD3F79F635}.Release|x64.Build.0 = Release|Any CPU
		{667D1356-1DE3-403C-A6D1-0BBD3F79F635}.Release|x86.ActiveCfg = Release|Any CPU
		{667D1356-1DE3-403C-A6D1-0BBD3F79F635}.Release|x86.Build.0 = Release|Any CPU
		{B9B5015C-CE5E-4A20-8301-022486C30EE3}.Debug|Any CPU.ActiveCfg = Debug|Any CPU
		{B9B5015C-CE5E-4A20-8301-022486C30EE3}.Debug|Any CPU.Build.0 = Debug|Any CPU
		{B9B5015C-CE5E-4A20-8301-022486C30EE3}.Debug|x64.ActiveCfg = Debug|Any CPU
		{B9B5015C-CE5E-4A20-8301-022486C30EE3}.Debug|x64.Build.0 = Debug|Any CPU
		{B9B5015C-CE5E-4A20-8301-022486C30EE3}.Debug|x86.ActiveCfg = Debug|Any CPU
		{B9B5015C-CE5E-4A20-8301-022486C30EE3}.Debug|x86.Build.0 = Debug|Any CPU
		{B9B5015C-CE5E-4A20-8301-022486C30EE3}.Release|Any CPU.ActiveCfg = Release|Any CPU
		{B9B5015C-CE5E-4A20-8301-022486C30EE3}.Release|Any CPU.Build.0 = Release|Any CPU
		{B9B5015C-CE5E-4A20-8301-022486C30EE3}.Release|x64.ActiveCfg = Release|Any CPU
		{B9B5015C-CE5E-4A20-8301-022486C30EE3}.Release|x64.Build.0 = Release|Any CPU
		{B9B5015C-CE5E-4A20-8301-022486C30EE3}.Release|x86.ActiveCfg = Release|Any CPU
		{B9B5015C-CE5E-4A20-8301-022486C30EE3}.Release|x86.Build.0 = Release|Any CPU
	EndGlobalSection
	GlobalSection(NestedProjects) = preSolution
		{667D1356-1DE3-403C-A6D1-0BBD3F79F635} = {B39272EB-9543-485C-AA35-053BABE7AC6A}
		{B9B5015C-CE5E-4A20-8301-022486C30EE3} = {7BCDCF81-8E9D-435D-BCA0-EB500FC892F9}
	EndGlobalSection
EndGlobal
